<?xml version="1.0" encoding="utf-8"?>
<Project ToolsVersion="4.0" xmlns="http://schemas.microsoft.com/developer/msbuild/2003">
  <ItemGroup>
    <Filter Include="Source Files">
      <UniqueIdentifier>{8BF3F623-BC74-45A8-B479-487B38E03D77}</UniqueIdentifier>
      <Extensions>cpp;c;cc;cxx</Extensions>
    </Filter>
    <Filter Include="Header Files">
      <UniqueIdentifier>{6CEF3AA2-5632-47B8-B584-9DE2D9CA34AD}</UniqueIdentifier>
      <Extensions>h;hh;hpp;hxx</Extensions>
    </Filter>
    <Filter Include="Resource Files">
      <UniqueIdentifier>{090DB265-679A-45C9-9CFF-0DF91C724947}</UniqueIdentifier>
      <Extensions>rc;ico;bmp</Extensions>
    </Filter>
    <Filter Include="Driver Files">
      <UniqueIdentifier>{68878C38-EA05-490B-88D6-9246967B37E7}</UniqueIdentifier>
      <Extensions>inf;inv;inx;mof;mc</Extensions>
    </Filter>
  </ItemGroup>
  <ItemGroup>
    <ClCompile Include="src\adapter.cpp">
      <Filter>Source Files</Filter>
    </ClCompile>
    <ClCompile Include="src\loopback.cpp">
      <Filter>Source Files</Filter>
    </ClCompile>
    <ClCompile Include="src\mintopo.cpp">
      <Filter>Source Files</Filter>
    </ClCompile>
    <ClCompile Include="src\minwavert.cpp">
      <Filter>Source Files</Filter>
    </ClCompile>
  </ItemGroup>
  <ItemGroup>
    <ClInclude Include="src\common.h">
      <Filter>Header Files</Filter>
    </ClInclude>
    <ClInclude Include="src\guids.h">
      <Filter>Header Files</Filter>
    </ClInclude>
    <ClInclude Include="src\loopback.h">
      <Filter>Header Files</Filter>
    </ClInclude>
    <ClInclude Include="src\mintopo.h">
      <Filter>Header Files</Filter>
    </ClInclude>
    <ClInclude Include="src\minwavert.h">
      <Filter>Header Files</Filter>
    </ClInclude>
  </ItemGroup>
  <ItemGroup>
    <ResourceCompile Include="src\voxorameet.rc">
      <Filter>Resource Files</Filter>
    </ResourceCompile>
  </ItemGroup>
  <ItemGroup>
    <Inf Include="voxorameet.inf">
      <Filter>Driver Files</Filter>
    </Inf>
  </ItemGroup>
</Project>
